
Microsoft Visual Studio Solution File, Format Version 12.00
# Visual Studio Version 17
VisualStudioVersion = 17.10.35201.131
MinimumVisualStudioVersion = 10.0.40219.1
Project("{2150E333-8FDC-42A3-9474-1A3956D46DE8}") = "src", "src", "{D79AFEFC-A64F-458B-8F6F-6B93D2A98274}"
EndProject
Project("{FAE04EC0-301F-11D3-BF4B-00C04F79EFBC}") = "Domain", "Domain\Domain.csproj", "{48A7CB3F-AA73-43F8-B30A-2F439EC9F5C3}"
EndProject
Project("{FAE04EC0-301F-11D3-BF4B-00C04F79EFBC}") = "Application", "Application\Application.csproj", "{40F44102-68EF-45BA-952F-ED788F698EBF}"
EndProject
Project("{FAE04EC0-301F-11D3-BF4B-00C04F79EFBC}") = "Infrastructure", "Infrastructure\Infrastructure.csproj", "{EDB31E00-45C5-4868-AB68-92884ADDD5D7}"
EndProject
Project("{FAE04EC0-301F-11D3-BF4B-00C04F79EFBC}") = "Presentation", "Presentation\Presentation.csproj", "{42D00AD5-934E-44D1-B767-C88FA5020FE0}"
EndProject
Project("{FAE04EC0-301F-11D3-BF4B-00C04F79EFBC}") = "Authentication.Server", "Authentication.Server\Authentication.Server.csproj", "{D6BFE534-EB86-462A-AA56-25E4427264E5}"
EndProject
Global
	GlobalSection(SolutionConfigurationPlatforms) = preSolution
		Debug|Any CPU = Debug|Any CPU
		Release|Any CPU = Release|Any CPU
	EndGlobalSection
	GlobalSection(ProjectConfigurationPlatforms) = postSolution
		{48A7CB3F-AA73-43F8-B30A-2F439EC9F5C3}.Debug|Any CPU.ActiveCfg = Debug|Any CPU
		{48A7CB3F-AA73-43F8-B30A-2F439EC9F5C3}.Debug|Any CPU.Build.0 = Debug|Any CPU
		{48A7CB3F-AA73-43F8-B30A-2F439EC9F5C3}.Release|Any CPU.ActiveCfg = Release|Any CPU
		{48A7CB3F-AA73-43F8-B30A-2F439EC9F5C3}.Release|Any CPU.Build.0 = Release|Any CPU
		{40F44102-68EF-45BA-952F-ED788F698EBF}.Debug|Any CPU.ActiveCfg = Debug|Any CPU
		{40F44102-68EF-45BA-952F-ED788F698EBF}.Debug|Any CPU.Build.0 = Debug|Any CPU
		{40F44102-68EF-45BA-952F-ED788F698EBF}.Release|Any CPU.ActiveCfg = Release|Any CPU
		{40F44102-68EF-45BA-952F-ED788F698EBF}.Release|Any CPU.Build.0 = Release|Any CPU
		{EDB31E00-45C5-4868-AB68-92884ADDD5D7}.Debug|Any CPU.ActiveCfg = Debug|Any CPU
		{EDB31E00-45C5-4868-AB68-92884ADDD5D7}.Debug|Any CPU.Build.0 = Debug|Any CPU
		{EDB31E00-45C5-4868-AB68-92884ADDD5D7}.Release|Any CPU.ActiveCfg = Release|Any CPU
		{EDB31E00-45C5-4868-AB68-92884ADDD5D7}.Release|Any CPU.Build.0 = Release|Any CPU
		{42D00AD5-934E-44D1-B767-C88FA5020FE0}.Debug|Any CPU.ActiveCfg = Debug|Any CPU
		{42D00AD5-934E-44D1-B767-C88FA5020FE0}.Debug|Any CPU.Build.0 = Debug|Any CPU
		{42D00AD5-934E-44D1-B767-C88FA5020FE0}.Release|Any CPU.ActiveCfg = Release|Any CPU
		{42D00AD5-934E-44D1-B767-C88FA5020FE0}.Release|Any CPU.Build.0 = Release|Any CPU
		{D6BFE534-EB86-462A-AA56-25E4427264E5}.Debug|Any CPU.ActiveCfg = Debug|Any CPU
		{D6BFE534-EB86-462A-AA56-25E4427264E5}.Debug|Any CPU.Build.0 = Debug|Any CPU
		{D6BFE534-EB86-462A-AA56-25E4427264E5}.Release|Any CPU.ActiveCfg = Release|Any CPU
		{D6BFE534-EB86-462A-AA56-25E4427264E5}.Release|Any CPU.Build.0 = Release|Any CPU
	EndGlobalSection
	GlobalSection(SolutionProperties) = preSolution
		HideSolutionNode = FALSE
	EndGlobalSection
	GlobalSection(NestedProjects) = preSolution
		{48A7CB3F-AA73-43F8-B30A-2F439EC9F5C3} = {D79AFEFC-A64F-458B-8F6F-6B93D2A98274}
		{40F44102-68EF-45BA-952F-ED788F698EBF} = {D79AFEFC-A64F-458B-8F6F-6B93D2A98274}
		{EDB31E00-45C5-4868-AB68-92884ADDD5D7} = {D79AFEFC-A64F-458B-8F6F-6B93D2A98274}
		{42D00AD5-934E-44D1-B767-C88FA5020FE0} = {D79AFEFC-A64F-458B-8F6F-6B93D2A98274}
		{D6BFE534-EB86-462A-AA56-25E4427264E5} = {D79AFEFC-A64F-458B-8F6F-6B93D2A98274}
	EndGlobalSection
	GlobalSection(ExtensibilityGlobals) = postSolution
		SolutionGuid = {A6F731F0-8D01-499D-8DA7-8B8210AC4EBB}
	EndGlobalSection
EndGlobal
